GEM
  remote: https://rubygems.org/
  specs:
    bigdecimal (4.1.2)
    csv (3.3.5)
    gepub (2.0.1)
      nokogiri (>= 1.8.2, < 2.0)
      rubyzip (>= 3.0, < 3.3)
    httparty (0.24.2)
      csv
      mini_mime (>= 1.0.0)
      multi_xml (>= 0.5.2)
    mini_mime (1.1.5)
    multi_xml (0.9.1)
      bigdecimal (>= 3.1, < 5)
    nokogiri (1.19.4-x64-mingw-ucrt)
      racc (~> 1.4)
    racc (1.8.1)
    rubyzip (3.2.2)

PLATFORMS
  x64-mingw-ucrt

DEPENDENCIES
  gepub
  httparty
  nokogiri

RUBY VERSION
   ruby 3.2.3p157

BUNDLED WITH
   2.4.19
